PODS:
  - Alamofire (3.4.1)
  - ImagePicker (1.3.0)
  - PDFGenerator (1.4.0)
  - SSZipArchive (1.4)

DEPENDENCIES:
  - Alamofire
  - ImagePicker
  - PDFGenerator
  - SSZipArchive

SPEC CHECKSUMS:
  Alamofire: 01a82e2f6c0f860ade35534c8dd88be61bdef40c
  ImagePicker: ed649bfeb850b2b8715c9e95a35725c730b5f627
  PDFGenerator: 2ebc46e9c0e051542a31e0e67dc09e2f12c0fc77
  SSZipArchive: bab21000ee11b7ba68d5880bcd87d80e4eb93e65

PODFILE CHECKSUM: e79bc9bf78df2504f0fc4dcf146227eb8ecc9496

COCOAPODS: 1.0.1
